// !$*UTF8*$!
{
	archiveVersion = 1;
	classes = {
	};
	objectVersion = 55;
	objects = {

/* Begin PBXBuildFile section */
		111D591529C9893E00A9667F /* AppDelegate.swift in Sources */ = {isa = PBXBuildFile; fileRef = 111D591429C9893E00A9667F /* AppDelegate.swift */; };
		111D591729C9893E00A9667F /* SceneDelegate.swift in Sources */ = {isa = PBXBuildFile; fileRef = 111D591629C9893E00A9667F /* SceneDelegate.swift */; };
		111D591929C9893E00A9667F /* RootViewController.swift in Sources */ = {isa = PBXBuildFile; fileRef = 111D591829C9893E00A9667F /* RootViewController.swift */; };
		111D591E29C9893F00A9667F /* Assets.xcassets in Resources */ = {isa = PBXBuildFile; fileRef = 111D591D29C9893F00A9667F /* Assets.xcassets */; };
		111D592129C9893F00A9667F /* LaunchScreen.storyboard in Resources */ = {isa = PBXBuildFile; fileRef = 111D591F29C9893F00A9667F /* LaunchScreen.storyboard */; };
		11C2D17A29C98E4F00395141 /* TinyView.swift in Sources */ = {isa = PBXBuildFile; fileRef = 11C2D17929C98E4F00395141 /* TinyView.swift */; };
		7C43E49D8712BC81BC1D7D78 /* Pods_LearnTinyConstraints2.framework in Frameworks */ = {isa = PBXBuildFile; fileRef = 00A3C266252329333614F3D8 /* Pods_LearnTinyConstraints2.framework */; };
/* End PBXBuildFile section */

/* Begin PBXFileReference section */
		00A3C266252329333614F3D8 /* Pods_LearnTinyConstraints2.framework */ = {isa = PBXFileReference; explicitFileType = wrapper.framework; includeInIndex = 0; path = Pods_LearnTinyConstraints2.framework; sourceTree = BUILT_PRODUCTS_DIR; };
		111D591129C9893E00A9667F /* LearnTinyConstraints2.app */ = {isa = PBXFileReference; explicitFileType = wrapper.application; includeInIndex = 0; path = LearnTinyConstraints2.app; sourceTree = BUILT_PRODUCTS_DIR; };
		111D591429C9893E00A9667F /* AppDelegate.swift */ = {isa = PBXFileReference; lastKnownFileType = sourcecode.swift; path = AppDelegate.swift; sourceTree = "<group>"; };
		111D591629C9893E00A9667F /* SceneDelegate.swift */ = {isa = PBXFileReference; lastKnownFileType = sourcecode.swift; path = SceneDelegate.swift; sourceTree = "<group>"; };
		111D591829C9893E00A9667F /* RootViewController.swift */ = {isa = PBXFileReference; lastKnownFileType = sourcecode.swift; path = RootViewController.swift; sourceTree = "<group>"; };
		111D591D29C9893F00A9667F /* Assets.xcassets */ = {isa = PBXFileReference; lastKnownFileType = folder.assetcatalog; path = Assets.xcassets; sourceTree = "<group>"; };
		111D592029C9893F00A9667F /* Base */ = {isa = PBXFileReference; lastKnownFileType = file.storyboard; name = Base; path = Base.lproj/LaunchScreen.storyboard; sourceTree = "<group>"; };
		111D592229C9893F00A9667F /* Info.plist */ = {isa = PBXFileReference; lastKnownFileType = text.plist.xml; path = Info.plist; sourceTree = "<group>"; };
		11C2D17929C98E4F00395141 /* TinyView.swift */ = {isa = PBXFileReference; lastKnownFileType = sourcecode.swift; path = TinyView.swift; sourceTree = "<group>"; };
		552AEDD8F16165259ADC927B /* Pods-LearnTinyConstraints2.debug.xcconfig */ = {isa = PBXFileReference; includeInIndex = 1; lastKnownFileType = text.xcconfig; name = "Pods-LearnTinyConstraints2.debug.xcconfig"; path = "Target Support Files/Pods-LearnTinyConstraints2/Pods-LearnTinyConstraints2.debug.xcconfig"; sourceTree = "<group>"; };
		77968A46358D15FFDFA0C29F /* Pods-LearnTinyConstraints2.release.xcconfig */ = {isa = PBXFileReference; includeInIndex = 1; lastKnownFileType = text.xcconfig; name = "Pods-LearnTinyConstraints2.release.xcconfig"; path = "Target Support Files/Pods-LearnTinyConstraints2/Pods-LearnTinyConstraints2.release.xcconfig"; sourceTree = "<group>"; };
/* End PBXFileReference section */

/* Begin PBXFrameworksBuildPhase section */
		111D590E29C9893E00A9667F /* Frameworks */ = {
			isa = PBXFrameworksBuildPhase;
			buildActionMask = 2147483647;
			files = (
				7C43E49D8712BC81BC1D7D78 /* Pods_LearnTinyConstraints2.framework in Frameworks */,
			);
			runOnlyForDeploymentPostprocessing = 0;
		};
/* End PBXFrameworksBuildPhase section */

/* Begin PBXGroup section */
		111D590829C9893E00A9667F = {
			isa = PBXGroup;
			children = (
				111D591329C9893E00A9667F /* LearnTinyConstraints2 */,
				111D591229C9893E00A9667F /* Products */,
				86257DCF4020243F71DA0035 /* Pods */,
				7BDAA090FD5F3C6601490969 /* Frameworks */,
			);
			sourceTree = "<group>";
		};
		111D591229C9893E00A9667F /* Products */ = {
			isa = PBXGroup;
			children = (
				111D591129C9893E00A9667F /* LearnTinyConstraints2.app */,
			);
			name = Products;
			sourceTree = "<group>";
		};
		111D591329C9893E00A9667F /* LearnTinyConstraints2 */ = {
			isa = PBXGroup;
			children = (
				111D591429C9893E00A9667F /* AppDelegate.swift */,
				111D591629C9893E00A9667F /* SceneDelegate.swift */,
				111D591829C9893E00A9667F /* RootViewController.swift */,
				11C2D17929C98E4F00395141 /* TinyView.swift */,
				111D591D29C9893F00A9667F /* Assets.xcassets */,
				111D591F29C9893F00A9667F /* LaunchScreen.storyboard */,
				111D592229C9893F00A9667F /* Info.plist */,
			);
			path = LearnTinyConstraints2;
			sourceTree = "<group>";
		};
		7BDAA090FD5F3C6601490969 /* Frameworks */ = {
			isa = PBXGroup;
			children = (
				00A3C266252329333614F3D8 /* Pods_LearnTinyConstraints2.framework */,
			);
			name = Frameworks;
			sourceTree = "<group>";
		};
		86257DCF4020243F71DA0035 /* Pods */ = {
			isa = PBXGroup;
			children = (
				552AEDD8F16165259ADC927B /* Pods-LearnTinyConstraints2.debug.xcconfig */,
				77968A46358D15FFDFA0C29F /* Pods-LearnTinyConstraints2.release.xcconfig */,
			);
			path = Pods;
			sourceTree = "<group>";
		};
/* End PBXGroup section */

/* Begin PBXNativeTarget section */
		111D591029C9893E00A9667F /* LearnTinyConstraints2 */ = {
			isa = PBXNativeTarget;
			buildConfigurationList = 111D592529C9893F00A9667F /* Build configuration list for PBXNativeTarget "LearnTinyConstraints2" */;
			buildPhases = (
				BFC4E63920CA5FAE59009705 /* [CP] Check Pods Manifest.lock */,
				111D590D29C9893E00A9667F /* Sources */,
				111D590E29C9893E00A9667F /* Frameworks */,
				111D590F29C9893E00A9667F /* Resources */,
				0D043F12B8EE628AC06294E3 /* [CP] Embed Pods Frameworks */,
			);
			buildRules = (
			);
			dependencies = (
			);
			name = LearnTinyConstraints2;
			productName = LearnTinyConstraints2;
			productReference = 111D591129C9893E00A9667F /* LearnTinyConstraints2.app */;
			productType = "com.apple.product-type.application";
		};
/* End PBXNativeTarget section */

/* Begin PBXProject section */
		111D590929C9893E00A9667F /* Project object */ = {
			isa = PBXProject;
			attributes = {
				BuildIndependentTargetsInParallel = 1;
				LastSwiftUpdateCheck = 1420;
				LastUpgradeCheck = 1420;
				TargetAttributes = {
					111D591029C9893E00A9667F = {
						CreatedOnToolsVersion = 14.2;
					};
				};
			};
			buildConfigurationList = 111D590C29C9893E00A9667F /* Build configuration list for PBXProject "LearnTinyConstraints2" */;
			compatibilityVersion = "Xcode 13.0";
			developmentRegion = en;
			hasScannedForEncodings = 0;
			knownRegions = (
				en,
				Base,
			);
			mainGroup = 111D590829C9893E00A9667F;
			productRefGroup = 111D591229C9893E00A9667F /* Products */;
			projectDirPath = "";
			projectRoot = "";
			targets = (
				111D591029C9893E00A9667F /* LearnTinyConstraints2 */,
			);
		};
/* End PBXProject section */

/* Begin PBXResourcesBuildPhase section */
		111D590F29C9893E00A9667F /* Resources */ = {
			isa = PBXResourcesBuildPhase;
			buildActionMask = 2147483647;
			files = (
				111D592129C9893F00A9667F /* LaunchScreen.storyboard in Resources */,
				111D591E29C9893F00A9667F /* Assets.xcassets in Resources */,
			);
			runOnlyForDeploymentPostprocessing = 0;
		};
/* End PBXResourcesBuildPhase section */

/* Begin PBXShellScriptBuildPhase section */
		0D043F12B8EE628AC06294E3 /* [CP] Embed Pods Frameworks */ = {
			isa = PBXShellScriptBuildPhase;
			buildActionMask = 2147483647;
			files = (
			);
			inputFileListPaths = (
				"${PODS_ROOT}/Target Support Files/Pods-LearnTinyConstraints2/Pods-LearnTinyConstraints2-frameworks-${CONFIGURATION}-input-files.xcfilelist",
			);
			name = "[CP] Embed Pods Frameworks";
			outputFileListPaths = (
				"${PODS_ROOT}/Target Support Files/Pods-LearnTinyConstraints2/Pods-LearnTinyConstraints2-frameworks-${CONFIGURATION}-output-files.xcfilelist",
			);
			runOnlyForDeploymentPostprocessing = 0;
			shellPath = /bin/sh;
			shellScript = "\"${PODS_ROOT}/Target Support Files/Pods-LearnTinyConstraints2/Pods-LearnTinyConstraints2-frameworks.sh\"\n";
			showEnvVarsInLog = 0;
		};
		BFC4E63920CA5FAE59009705 /* [CP] Check Pods Manifest.lock */ = {
			isa = PBXShellScriptBuildPhase;
			buildActionMask = 2147483647;
			files = (
			);
			inputFileListPaths = (
			);
			inputPaths = (
				"${PODS_PODFILE_DIR_PATH}/Podfile.lock",
				"${PODS_ROOT}/Manifest.lock",
			);
			name = "[CP] Check Pods Manifest.lock";
			outputFileListPaths = (
			);
			outputPaths = (
				"$(DERIVED_FILE_DIR)/Pods-LearnTinyConstraints2-checkManifestLockResult.txt",
			);
			runOnlyForDeploymentPostprocessing = 0;
			shellPath = /bin/sh;
			shellScript = "diff \"${PODS_PODFILE_DIR_PATH}/Podfile.lock\" \"${PODS_ROOT}/Manifest.lock\" > /dev/null\nif [ $? != 0 ] ; then\n    # print error to STDERR\n    echo \"error: The sandbox is not in sync with the Podfile.lock. Run 'pod install' or update your CocoaPods installation.\" >&2\n    exit 1\nfi\n# This output is used by Xcode 'outputs' to avoid re-running this script phase.\necho \"SUCCESS\" > \"${SCRIPT_OUTPUT_FILE_0}\"\n";
			showEnvVarsInLog = 0;
		};
/* End PBXShellScriptBuildPhase section */

/* Begin PBXSourcesBuildPhase section */
		111D590D29C9893E00A9667F /* Sources */ = {
			isa = PBXSourcesBuildPhase;
			buildActionMask = 2147483647;
			files = (
				11C2D17A29C98E4F00395141 /* TinyView.swift in Sources */,
				111D591929C9893E00A9667F /* RootViewController.swift in Sources */,
				111D591529C9893E00A9667F /* AppDelegate.swift in Sources */,
				111D591729C9893E00A9667F /* SceneDelegate.swift in Sources */,
			);
			runOnlyForDeploymentPostprocessing = 0;
		};
/* End PBXSourcesBuildPhase section */

/* Begin PBXVariantGroup section */
		111D591F29C9893F00A9667F /* LaunchScreen.storyboard */ = {
			isa = PBXVariantGroup;
			children = (
				111D592029C9893F00A9667F /* Base */,
			);
			name = LaunchScreen.storyboard;
			sourceTree = "<group>";
		};
/* End PBXVariantGroup section */

/* Begin XCBuildConfiguration section */
		111D592329C9893F00A9667F /* Debug */ = {
			isa = XCBuildConfiguration;
			buildSettings = {
				ALWAYS_SEARCH_USER_PATHS = NO;
				CLANG_ANALYZER_NONNULL = YES;
				CLANG_ANALYZER_NUMBER_OBJECT_CONVERSION = YES_AGGRESSIVE;
				CLANG_CXX_LANGUAGE_STANDARD = "gnu++20";
				CLANG_ENABLE_MODULES = YES;
				CLANG_ENABLE_OBJC_ARC = YES;
				CLANG_ENABLE_OBJC_WEAK = YES;
				CLANG_WARN_BLOCK_CAPTURE_AUTORELEASING = YES;
				CLANG_WARN_BOOL_CONVERSION = YES;
				CLANG_WARN_COMMA = YES;
				CLANG_WARN_CONSTANT_CONVERSION = YES;
				CLANG_WARN_DEPRECATED_OBJC_IMPLEMENTATIONS = YES;
				CLANG_WARN_DIRECT_OBJC_ISA_USAGE = YES_ERROR;
				CLANG_WARN_DOCUMENTATION_COMMENTS = YES;
				CLANG_WARN_EMPTY_BODY = YES;
				CLANG_WARN_ENUM_CONVERSION = YES;
				CLANG_WARN_INFINITE_RECURSION = YES;
				CLANG_WARN_INT_CONVERSION = YES;
				CLANG_WARN_NON_LITERAL_NULL_CONVERSION = YES;
				CLANG_WARN_OBJC_IMPLICIT_RETAIN_SELF = YES;
				CLANG_WARN_OBJC_LITERAL_CONVERSION = YES;
				CLANG_WARN_OBJC_ROOT_CLASS = YES_ERROR;
				CLANG_WARN_QUOTED_INCLUDE_IN_FRAMEWORK_HEADER = YES;
				CLANG_WARN_RANGE_LOOP_ANALYSIS = YES;
				CLANG_WARN_STRICT_PROTOTYPES = YES;
				CLANG_WARN_SUSPICIOUS_MOVE = YES;
				CLANG_WARN_UNGUARDED_AVAILABILITY = YES_AGGRESSIVE;
				CLANG_WARN_UNREACHABLE_CODE = YES;
				CLANG_WARN__DUPLICATE_METHOD_MATCH = YES;
				COPY_PHASE_STRIP = NO;
				DEBUG_INFORMATION_FORMAT = dwarf;
				ENABLE_STRICT_OBJC_MSGSEND = YES;
				ENABLE_TESTABILITY = YES;
				GCC_C_LANGUAGE_STANDARD = gnu11;
				GCC_DYNAMIC_NO_PIC = NO;
				GCC_NO_COMMON_BLOCKS = YES;
				GCC_OPTIMIZATION_LEVEL = 0;
				GCC_PREPROCESSOR_DEFINITIONS = (
					"DEBUG=1",
					"$(inherited)",
				);
				GCC_WARN_64_TO_32_BIT_CONVERSION = YES;
				GCC_WARN_ABOUT_RETURN_TYPE = YES_ERROR;
				GCC_WARN_UNDECLARED_SELECTOR = YES;
				GCC_WARN_UNINITIALIZED_AUTOS = YES_AGGRESSIVE;
				GCC_WARN_UNUSED_FUNCTION = YES;
				GCC_WARN_UNUSED_VARIABLE = YES;
				IPHONEOS_DEPLOYMENT_TARGET = 16.2;
				MTL_ENABLE_DEBUG_INFO = INCLUDE_SOURCE;
				MTL_FAST_MATH = YES;
				ONLY_ACTIVE_ARCH = YES;
				SDKROOT = iphoneos;
				SWIFT_ACTIVE_COMPILATION_CONDITIONS = DEBUG;
				SWIFT_OPTIMIZATION_LEVEL = "-Onone";
			};
			name = Debug;
		};
		111D592429C9893F00A9667F /* Release */ = {
			isa = XCBuildConfiguration;
			buildSettings = {
				ALWAYS_SEARCH_USER_PATHS = NO;
				CLANG_ANALYZER_NONNULL = YES;
				CLANG_ANALYZER_NUMBER_OBJECT_CONVERSION = YES_AGGRESSIVE;
				CLANG_CXX_LANGUAGE_STANDARD = "gnu++20";
				CLANG_ENABLE_MODULES = YES;
				CLANG_ENABLE_OBJC_ARC = YES;
				CLANG_ENABLE_OBJC_WEAK = YES;
				CLANG_WARN_BLOCK_CAPTURE_AUTORELEASING = YES;
				CLANG_WARN_BOOL_CONVERSION = YES;
				CLANG_WARN_COMMA = YES;
				CLANG_WARN_CONSTANT_CONVERSION = YES;
				CLANG_WARN_DEPRECATED_OBJC_IMPLEMENTATIONS = YES;
				CLANG_WARN_DIRECT_OBJC_ISA_USAGE = YES_ERROR;
				CLANG_WARN_DOCUMENTATION_COMMENTS = YES;
				CLANG_WARN_EMPTY_BODY = YES;
				CLANG_WARN_ENUM_CONVERSION = YES;
				CLANG_WARN_INFINITE_RECURSION = YES;
				CLANG_WARN_INT_CONVERSION = YES;
				CLANG_WARN_NON_LITERAL_NULL_CONVERSION = YES;
				CLANG_WARN_OBJC_IMPLICIT_RETAIN_SELF = YES;
				CLANG_WARN_OBJC_LITERAL_CONVERSION = YES;
				CLANG_WARN_OBJC_ROOT_CLASS = YES_ERROR;
				CLANG_WARN_QUOTED_INCLUDE_IN_FRAMEWORK_HEADER = YES;
				CLANG_WARN_RANGE_LOOP_ANALYSIS = YES;
				CLANG_WARN_STRICT_PROTOTYPES = YES;
				CLANG_WARN_SUSPICIOUS_MOVE = YES;
				CLANG_WARN_UNGUARDED_AVAILABILITY = YES_AGGRESSIVE;
				CLANG_WARN_UNREACHABLE_CODE = YES;
				CLANG_WARN__DUPLICATE_METHOD_MATCH = YES;
				COPY_PHASE_STRIP = NO;
				DEBUG_INFORMATION_FORMAT = "dwarf-with-dsym";
				ENABLE_NS_ASSERTIONS = NO;
				ENABLE_STRICT_OBJC_MSGSEND = YES;
				GCC_C_LANGUAGE_STANDARD = gnu11;
				GCC_NO_COMMON_BLOCKS = YES;
				GCC_WARN_64_TO_32_BIT_CONVERSION = YES;
				GCC_WARN_ABOUT_RETURN_TYPE = YES_ERROR;
				GCC_WARN_UNDECLARED_SELECTOR = YES;
				GCC_WARN_UNINITIALIZED_AUTOS = YES_AGGRESSIVE;
				GCC_WARN_UNUSED_FUNCTION = YES;
				GCC_WARN_UNUSED_VARIABLE = YES;
				IPHONEOS_DEPLOYMENT_TARGET = 16.2;
				MTL_ENABLE_DEBUG_INFO = NO;
				MTL_FAST_MATH = YES;
				SDKROOT = iphoneos;
				SWIFT_COMPILATION_MODE = wholemodule;
				SWIFT_OPTIMIZATION_LEVEL = "-O";
				VALIDATE_PRODUCT = YES;
			};
			name = Release;
		};
		111D592629C9893F00A9667F /* Debug */ = {
			isa = XCBuildConfiguration;
			baseConfigurationReference = 552AEDD8F16165259ADC927B /* Pods-LearnTinyConstraints2.debug.xcconfig */;
			buildSettings = {
				ASSETCATALOG_COMPILER_APPICON_NAME = AppIcon;
				ASSETCATALOG_COMPILER_GLOBAL_ACCENT_COLOR_NAME = AccentColor;
				CODE_SIGN_STYLE = Automatic;
				CURRENT_PROJECT_VERSION = 1;
				GENERATE_INFOPLIST_FILE = YES;
				INFOPLIST_FILE = LearnTinyConstraints2/Info.plist;
				INFOPLIST_KEY_UIApplicationSupportsIndirectInputEvents = YES;
				INFOPLIST_KEY_UILaunchStoryboardName = LaunchScreen;
				INFOPLIST_KEY_UISupportedInterfaceOrientations_iPad = "UIInterfaceOrientationPortrait UIInterfaceOrientationPortraitUpsideDown UIInterfaceOrientationLandscapeLeft UIInterfaceOrientationLandscapeRight";
				INFOPLIST_KEY_UISupportedInterfaceOrientations_iPhone = "UIInterfaceOrientationPortrait UIInterfaceOrientationLandscapeLeft UIInterfaceOrientationLandscapeRight";
				IPHONEOS_DEPLOYMENT_TARGET = 13.0;
				LD_RUNPATH_SEARCH_PATHS = (
					"$(inherited)",
					"@executable_path/Frameworks",
				);
				MARKETING_VERSION = 1.0;
				PRODUCT_BUNDLE_IDENTIFIER = com.jervygu.LearnTinyConstraints2;
				PRODUCT_NAME = "$(TARGET_NAME)";
				SWIFT_EMIT_LOC_STRINGS = YES;
				SWIFT_VERSION = 5.0;
				TARGETED_DEVICE_FAMILY = "1,2";
			};
			name = Debug;
		};
		111D592729C9893F00A9667F /* Release */ = {
			isa = XCBuildConfiguration;
			baseConfigurationReference = 77968A46358D15FFDFA0C29F /* Pods-LearnTinyConstraints2.release.xcconfig */;
			buildSettings = {
				ASSETCATALOG_COMPILER_APPICON_NAME = AppIcon;
				ASSETCATALOG_COMPILER_GLOBAL_ACCENT_COLOR_NAME = AccentColor;
				CODE_SIGN_STYLE = Automatic;
				CURRENT_PROJECT_VERSION = 1;
				GENERATE_INFOPLIST_FILE = YES;
				INFOPLIST_FILE = LearnTinyConstraints2/Info.plist;
				INFOPLIST_KEY_UIApplicationSupportsIndirectInputEvents = YES;
				INFOPLIST_KEY_UILaunchStoryboardName = LaunchScreen;
				INFOPLIST_KEY_UISupportedInterfaceOrientations_iPad = "UIInterfaceOrientationPortrait UIInterfaceOrientationPortraitUpsideDown UIInterfaceOrientationLandscapeLeft UIInterfaceOrientationLandscapeRight";
				INFOPLIST_KEY_UISupportedInterfaceOrientations_iPhone = "UIInterfaceOrientationPortrait UIInterfaceOrientationLandscapeLeft UIInterfaceOrientationLandscapeRight";
				IPHONEOS_DEPLOYMENT_TARGET = 13.0;
				LD_RUNPATH_SEARCH_PATHS = (
					"$(inherited)",
					"@executable_path/Frameworks",
				);
				MARKETING_VERSION = 1.0;
				PRODUCT_BUNDLE_IDENTIFIER = com.jervygu.LearnTinyConstraints2;
				PRODUCT_NAME = "$(TARGET_NAME)";
				SWIFT_EMIT_LOC_STRINGS = YES;
				SWIFT_VERSION = 5.0;
				TARGETED_DEVICE_FAMILY = "1,2";
			};
			name = Release;
		};
/* End XCBuildConfiguration section */

/* Begin XCConfigurationList section */
		111D590C29C9893E00A9667F /* Build configuration list for PBXProject "LearnTinyConstraints2" */ = {
			isa = XCConfigurationList;
			buildConfigurations = (
				111D592329C9893F00A9667F /* Debug */,
				111D592429C9893F00A9667F /* Release */,
			);
			defaultConfigurationIsVisible = 0;
			defaultConfigurationName = Release;
		};
		111D592529C9893F00A9667F /* Build configuration list for PBXNativeTarget "LearnTinyConstraints2" */ = {
			isa = XCConfigurationList;
			buildConfigurations = (
				111D592629C9893F00A9667F /* Debug */,
				111D592729C9893F00A9667F /* Release */,
			);
			defaultConfigurationIsVisible = 0;
			defaultConfigurationName = Release;
		};
/* End XCConfigurationList section */
	};
	rootObject = 111D590929C9893E00A9667F /* Project object */;
}
